// !$*UTF8*$!
{
	archiveVersion = 1;
	classes = {
	};
	objectVersion = 48;
	objects = {

/* Begin PBXBuildFile section */
		7943DDD01FE1AB0800A7BBA0 /* StartScene.swift in Sources */ = {isa = PBXBuildFile; fileRef = 7943DDCF1FE1AB0700A7BBA0 /* StartScene.swift */; };
		7943DDD21FE1AB0F00A7BBA0 /* LevelCompleteScene.swift in Sources */ = {isa = PBXBuildFile; fileRef = 7943DDD11FE1AB0E00A7BBA0 /* LevelCompleteScene.swift */; };
		7943DDD41FE1AB1700A7BBA0 /* GameScene.swift in Sources */ = {isa = PBXBuildFile; fileRef = 7943DDD31FE1AB1600A7BBA0 /* GameScene.swift */; };
		7943DDDB1FE1ADB200A7BBA0 /* invader sound.mp3 in Resources */ = {isa = PBXBuildFile; fileRef = 7943DDD61FE1ADAF00A7BBA0 /* invader sound.mp3 */; };
		7943DDDC1FE1ADB200A7BBA0 /* extra sound.mp3 in Resources */ = {isa = PBXBuildFile; fileRef = 7943DDD71FE1ADB100A7BBA0 /* extra sound.mp3 */; };
		7943DDDD1FE1ADB200A7BBA0 /* powerup sound.mp3 in Resources */ = {isa = PBXBuildFile; fileRef = 7943DDD81FE1ADB100A7BBA0 /* powerup sound.mp3 */; };
		7943DDDE1FE1ADB200A7BBA0 /* laser sound.mp3 in Resources */ = {isa = PBXBuildFile; fileRef = 7943DDD91FE1ADB100A7BBA0 /* laser sound.mp3 */; };
		7943DDDF1FE1ADB200A7BBA0 /* boss sound.mp3 in Resources */ = {isa = PBXBuildFile; fileRef = 7943DDDA1FE1ADB200A7BBA0 /* boss sound.mp3 */; };
		7943DDE21FE1AEA900A7BBA0 /* Utilities.swift in Sources */ = {isa = PBXBuildFile; fileRef = 7943DDE11FE1AEA700A7BBA0 /* Utilities.swift */; };
		7943DDE41FE1AF6100A7BBA0 /* StarField.sks in Resources */ = {isa = PBXBuildFile; fileRef = 7943DDE31FE1AF6100A7BBA0 /* StarField.sks */; };
		7943DDEB1FE1B00B00A7BBA0 /* Projectile.swift in Sources */ = {isa = PBXBuildFile; fileRef = 7943DDE51FE1B00900A7BBA0 /* Projectile.swift */; };
		7943DDEC1FE1B00B00A7BBA0 /* InvaderLaser.swift in Sources */ = {isa = PBXBuildFile; fileRef = 7943DDE61FE1B00900A7BBA0 /* InvaderLaser.swift */; };
		7943DDEE1FE1B00B00A7BBA0 /* Player.swift in Sources */ = {isa = PBXBuildFile; fileRef = 7943DDE81FE1B00900A7BBA0 /* Player.swift */; };
		7943DDEF1FE1B00B00A7BBA0 /* PlayerLaser.swift in Sources */ = {isa = PBXBuildFile; fileRef = 7943DDE91FE1B00A00A7BBA0 /* PlayerLaser.swift */; };
		7943DDF01FE1B00B00A7BBA0 /* Invader.swift in Sources */ = {isa = PBXBuildFile; fileRef = 7943DDEA1FE1B00A00A7BBA0 /* Invader.swift */; };
		798CF4D91FC360AF00815CBD /* Soccerball.swift in Sources */ = {isa = PBXBuildFile; fileRef = 798CF4D81FC360AF00815CBD /* Soccerball.swift */; };
		798CF4DB1FC362EF00815CBD /* Kickable.swift in Sources */ = {isa = PBXBuildFile; fileRef = 798CF4DA1FC362EF00815CBD /* Kickable.swift */; };
		798E30A61FA256C30010D962 /* AppDelegate.swift in Sources */ = {isa = PBXBuildFile; fileRef = 798E30A51FA256C30010D962 /* AppDelegate.swift */; };
		798E30A81FA256C30010D962 /* ViewController.swift in Sources */ = {isa = PBXBuildFile; fileRef = 798E30A71FA256C30010D962 /* ViewController.swift */; };
		798E30AB1FA256C30010D962 /* Main.storyboard in Resources */ = {isa = PBXBuildFile; fileRef = 798E30A91FA256C30010D962 /* Main.storyboard */; };
		798E30AD1FA256C30010D962 /* Assets.xcassets in Resources */ = {isa = PBXBuildFile; fileRef = 798E30AC1FA256C30010D962 /* Assets.xcassets */; };
		798E30BF1FA25B430010D962 /* CreativityViewController.swift in Sources */ = {isa = PBXBuildFile; fileRef = 798E30BE1FA25B430010D962 /* CreativityViewController.swift */; };
		798E30C11FA25B5E0010D962 /* AbstractionViewController.swift in Sources */ = {isa = PBXBuildFile; fileRef = 798E30C01FA25B5E0010D962 /* AbstractionViewController.swift */; };
		798E30C31FA25BB60010D962 /* DataInformationViewController.swift in Sources */ = {isa = PBXBuildFile; fileRef = 798E30C21FA25BB60010D962 /* DataInformationViewController.swift */; };
		798E30C51FA25BC80010D962 /* AlgorithmsViewController.swift in Sources */ = {isa = PBXBuildFile; fileRef = 798E30C41FA25BC80010D962 /* AlgorithmsViewController.swift */; };
		798E30C71FA25C4D0010D962 /* ProgrammingViewController.swift in Sources */ = {isa = PBXBuildFile; fileRef = 798E30C61FA25C4D0010D962 /* ProgrammingViewController.swift */; };
		798E30C91FA25C730010D962 /* InternetMasterViewController.swift in Sources */ = {isa = PBXBuildFile; fileRef = 798E30C81FA25C730010D962 /* InternetMasterViewController.swift */; };
		798E30CB1FA25C8A0010D962 /* GlobalImpactViewController.swift in Sources */ = {isa = PBXBuildFile; fileRef = 798E30CA1FA25C8A0010D962 /* GlobalImpactViewController.swift */; };
		79D1EDA81FCF39EA0093F9E3 /* InternetDetailViewController.swift in Sources */ = {isa = PBXBuildFile; fileRef = 79D1EDA71FCF39EA0093F9E3 /* InternetDetailViewController.swift */; };
		79D1EDAB1FCF3B990093F9E3 /* WebKit.framework in Frameworks */ = {isa = PBXBuildFile; fileRef = 79D1EDAA1FCF3B990093F9E3 /* WebKit.framework */; };
		79D36BD51FD9D37A00193A65 /* ArtCellCollectionViewCell.swift in Sources */ = {isa = PBXBuildFile; fileRef = 79D36BD41FD9D37A00193A65 /* ArtCellCollectionViewCell.swift */; };
		79D577281FD72A21005207F6 /* DrawingView.swift in Sources */ = {isa = PBXBuildFile; fileRef = 79D577271FD72A21005207F6 /* DrawingView.swift */; };
		79FEAEC21FE9A4A900540592 /* DeathScene.swift in Sources */ = {isa = PBXBuildFile; fileRef = 79FEAEC11FE9A4A900540592 /* DeathScene.swift */; };
/* End PBXBuildFile section */

/* Begin PBXFileReference section */
		7943DDCF1FE1AB0700A7BBA0 /* StartScene.swift */ = {isa = PBXFileReference; fileEncoding = 4; lastKnownFileType = sourcecode.swift; path = StartScene.swift; sourceTree = "<group>"; };
		7943DDD11FE1AB0E00A7BBA0 /* LevelCompleteScene.swift */ = {isa = PBXFileReference; fileEncoding = 4; lastKnownFileType = sourcecode.swift; path = LevelCompleteScene.swift; sourceTree = "<group>"; };
		7943DDD31FE1AB1600A7BBA0 /* GameScene.swift */ = {isa = PBXFileReference; fileEncoding = 4; lastKnownFileType = sourcecode.swift; path = GameScene.swift; sourceTree = "<group>"; };
		7943DDD61FE1ADAF00A7BBA0 /* invader sound.mp3 */ = {isa = PBXFileReference; lastKnownFileType = audio.mp3; path = "invader sound.mp3"; sourceTree = "<group>"; };
		7943DDD71FE1ADB100A7BBA0 /* extra sound.mp3 */ = {isa = PBXFileReference; lastKnownFileType = audio.mp3; path = "extra sound.mp3"; sourceTree = "<group>"; };
		7943DDD81FE1ADB100A7BBA0 /* powerup sound.mp3 */ = {isa = PBXFileReference; lastKnownFileType = audio.mp3; path = "powerup sound.mp3"; sourceTree = "<group>"; };
		7943DDD91FE1ADB100A7BBA0 /* laser sound.mp3 */ = {isa = PBXFileReference; lastKnownFileType = audio.mp3; path = "laser sound.mp3"; sourceTree = "<group>"; };
		7943DDDA1FE1ADB200A7BBA0 /* boss sound.mp3 */ = {isa = PBXFileReference; lastKnownFileType = audio.mp3; path = "boss sound.mp3"; sourceTree = "<group>"; };
		7943DDE11FE1AEA700A7BBA0 /* Utilities.swift */ = {isa = PBXFileReference; fileEncoding = 4; lastKnownFileType = sourcecode.swift; path = Utilities.swift; sourceTree = "<group>"; };
		7943DDE31FE1AF6100A7BBA0 /* StarField.sks */ = {isa = PBXFileReference; lastKnownFileType = file.sks; path = StarField.sks; sourceTree = "<group>"; };
		7943DDE51FE1B00900A7BBA0 /* Projectile.swift */ = {isa = PBXFileReference; fileEncoding = 4; lastKnownFileType = sourcecode.swift; path = Projectile.swift; sourceTree = "<group>"; };
		7943DDE61FE1B00900A7BBA0 /* InvaderLaser.swift */ = {isa = PBXFileReference; fileEncoding = 4; lastKnownFileType = sourcecode.swift; path = InvaderLaser.swift; sourceTree = "<group>"; };
		7943DDE81FE1B00900A7BBA0 /* Player.swift */ = {isa = PBXFileReference; fileEncoding = 4; lastKnownFileType = sourcecode.swift; path = Player.swift; sourceTree = "<group>"; };
		7943DDE91FE1B00A00A7BBA0 /* PlayerLaser.swift */ = {isa = PBXFileReference; fileEncoding = 4; lastKnownFileType = sourcecode.swift; path = PlayerLaser.swift; sourceTree = "<group>"; };
		7943DDEA1FE1B00A00A7BBA0 /* Invader.swift */ = {isa = PBXFileReference; fileEncoding = 4; lastKnownFileType = sourcecode.swift; path = Invader.swift; sourceTree = "<group>"; };
		798CF4D81FC360AF00815CBD /* Soccerball.swift */ = {isa = PBXFileReference; lastKnownFileType = sourcecode.swift; path = Soccerball.swift; sourceTree = "<group>"; };
		798CF4DA1FC362EF00815CBD /* Kickable.swift */ = {isa = PBXFileReference; lastKnownFileType = sourcecode.swift; path = Kickable.swift; sourceTree = "<group>"; };
		798E30A21FA256C30010D962 /* Dustin_CSP.app */ = {isa = PBXFileReference; explicitFileType = wrapper.application; includeInIndex = 0; path = Dustin_CSP.app; sourceTree = BUILT_PRODUCTS_DIR; };
		798E30A51FA256C30010D962 /* AppDelegate.swift */ = {isa = PBXFileReference; lastKnownFileType = sourcecode.swift; path = AppDelegate.swift; sourceTree = "<group>"; };
		798E30A71FA256C30010D962 /* ViewController.swift */ = {isa = PBXFileReference; lastKnownFileType = sourcecode.swift; path = ViewController.swift; sourceTree = "<group>"; };
		798E30AA1FA256C30010D962 /* Base */ = {isa = PBXFileReference; lastKnownFileType = file.storyboard; name = Base; path = Base.lproj/Main.storyboard; sourceTree = "<group>"; };
		798E30AC1FA256C30010D962 /* Assets.xcassets */ = {isa = PBXFileReference; lastKnownFileType = folder.assetcatalog; path = Assets.xcassets; sourceTree = "<group>"; };
		798E30B11FA256C30010D962 /* Info.plist */ = {isa = PBXFileReference; lastKnownFileType = text.plist.xml; path = Info.plist; sourceTree = "<group>"; };
		798E30BE1FA25B430010D962 /* CreativityViewController.swift */ = {isa = PBXFileReference; lastKnownFileType = sourcecode.swift; path = CreativityViewController.swift; sourceTree = "<group>"; };
		798E30C01FA25B5E0010D962 /* AbstractionViewController.swift */ = {isa = PBXFileReference; lastKnownFileType = sourcecode.swift; path = AbstractionViewController.swift; sourceTree = "<group>"; };
		798E30C21FA25BB60010D962 /* DataInformationViewController.swift */ = {isa = PBXFileReference; lastKnownFileType = sourcecode.swift; path = DataInformationViewController.swift; sourceTree = "<group>"; };
		798E30C41FA25BC80010D962 /* AlgorithmsViewController.swift */ = {isa = PBXFileReference; lastKnownFileType = sourcecode.swift; path = AlgorithmsViewController.swift; sourceTree = "<group>"; };
		798E30C61FA25C4D0010D962 /* ProgrammingViewController.swift */ = {isa = PBXFileReference; lastKnownFileType = sourcecode.swift; path = ProgrammingViewController.swift; sourceTree = "<group>"; };
		798E30C81FA25C730010D962 /* InternetMasterViewController.swift */ = {isa = PBXFileReference; lastKnownFileType = sourcecode.swift; path = InternetMasterViewController.swift; sourceTree = "<group>"; };
		798E30CA1FA25C8A0010D962 /* GlobalImpactViewController.swift */ = {isa = PBXFileReference; lastKnownFileType = sourcecode.swift; path = GlobalImpactViewController.swift; sourceTree = "<group>"; };
		79D1EDA71FCF39EA0093F9E3 /* InternetDetailViewController.swift */ = {isa = PBXFileReference; lastKnownFileType = sourcecode.swift; path = InternetDetailViewController.swift; sourceTree = "<group>"; };
		79D1EDAA1FCF3B990093F9E3 /* WebKit.framework */ = {isa = PBXFileReference; lastKnownFileType = wrapper.framework; name = WebKit.framework; path = System/Library/Frameworks/WebKit.framework; sourceTree = SDKROOT; };
		79D36BD41FD9D37A00193A65 /* ArtCellCollectionViewCell.swift */ = {isa = PBXFileReference; lastKnownFileType = sourcecode.swift; path = ArtCellCollectionViewCell.swift; sourceTree = "<group>"; };
		79D577271FD72A21005207F6 /* DrawingView.swift */ = {isa = PBXFileReference; lastKnownFileType = sourcecode.swift; path = DrawingView.swift; sourceTree = "<group>"; };
		79FEAEC11FE9A4A900540592 /* DeathScene.swift */ = {isa = PBXFileReference; lastKnownFileType = sourcecode.swift; path = DeathScene.swift; sourceTree = "<group>"; };
/* End PBXFileReference section */

/* Begin PBXFrameworksBuildPhase section */
		798E309F1FA256C30010D962 /* Frameworks */ = {
			isa = PBXFrameworksBuildPhase;
			buildActionMask = 2147483647;
			files = (
				79D1EDAB1FCF3B990093F9E3 /* WebKit.framework in Frameworks */,
			);
			runOnlyForDeploymentPostprocessing = 0;
		};
/* End PBXFrameworksBuildPhase section */

/* Begin PBXGroup section */
		7943DDD51FE1AC9100A7BBA0 /* GameController */ = {
			isa = PBXGroup;
			children = (
				7943DDD31FE1AB1600A7BBA0 /* GameScene.swift */,
				7943DDD11FE1AB0E00A7BBA0 /* LevelCompleteScene.swift */,
				7943DDCF1FE1AB0700A7BBA0 /* StartScene.swift */,
				79FEAEC11FE9A4A900540592 /* DeathScene.swift */,
			);
			path = GameController;
			sourceTree = "<group>";
		};
		7943DDE01FE1ADF400A7BBA0 /* Sounds */ = {
			isa = PBXGroup;
			children = (
				7943DDDA1FE1ADB200A7BBA0 /* boss sound.mp3 */,
				7943DDD71FE1ADB100A7BBA0 /* extra sound.mp3 */,
				7943DDD61FE1ADAF00A7BBA0 /* invader sound.mp3 */,
				7943DDD91FE1ADB100A7BBA0 /* laser sound.mp3 */,
				7943DDD81FE1ADB100A7BBA0 /* powerup sound.mp3 */,
			);
			path = Sounds;
			sourceTree = "<group>";
		};
		798CF4D51FC35ED900815CBD /* Model */ = {
			isa = PBXGroup;
			children = (
				7943DDEA1FE1B00A00A7BBA0 /* Invader.swift */,
				7943DDE61FE1B00900A7BBA0 /* InvaderLaser.swift */,
				7943DDE81FE1B00900A7BBA0 /* Player.swift */,
				7943DDE91FE1B00A00A7BBA0 /* PlayerLaser.swift */,
				7943DDE51FE1B00900A7BBA0 /* Projectile.swift */,
				798CF4DA1FC362EF00815CBD /* Kickable.swift */,
				798CF4D81FC360AF00815CBD /* Soccerball.swift */,
			);
			path = Model;
			sourceTree = "<group>";
		};
		798E30991FA256C30010D962 = {
			isa = PBXGroup;
			children = (
				798E30A41FA256C30010D962 /* Dustin_CSP */,
				798E30A31FA256C30010D962 /* Products */,
				79D1EDA91FCF3B990093F9E3 /* Frameworks */,
			);
			sourceTree = "<group>";
		};
		798E30A31FA256C30010D962 /* Products */ = {
			isa = PBXGroup;
			children = (
				798E30A21FA256C30010D962 /* Dustin_CSP.app */,
			);
			name = Products;
			sourceTree = "<group>";
		};
		798E30A41FA256C30010D962 /* Dustin_CSP */ = {
			isa = PBXGroup;
			children = (
				798CF4D51FC35ED900815CBD /* Model */,
				798E30B71FA256FC0010D962 /* Controller */,
				798E30B81FA257140010D962 /* View */,
				798E30B91FA257260010D962 /* Resources */,
			);
			path = Dustin_CSP;
			sourceTree = "<group>";
		};
		798E30B71FA256FC0010D962 /* Controller */ = {
			isa = PBXGroup;
			children = (
				7943DDD51FE1AC9100A7BBA0 /* GameController */,
				798E30A51FA256C30010D962 /* AppDelegate.swift */,
				798E30A71FA256C30010D962 /* ViewController.swift */,
				798E30BE1FA25B430010D962 /* CreativityViewController.swift */,
				798E30C01FA25B5E0010D962 /* AbstractionViewController.swift */,
				798E30C21FA25BB60010D962 /* DataInformationViewController.swift */,
				798E30C41FA25BC80010D962 /* AlgorithmsViewController.swift */,
				798E30C61FA25C4D0010D962 /* ProgrammingViewController.swift */,
				798E30C81FA25C730010D962 /* InternetMasterViewController.swift */,
				798E30CA1FA25C8A0010D962 /* GlobalImpactViewController.swift */,
				79D1EDA71FCF39EA0093F9E3 /* InternetDetailViewController.swift */,
				79D36BD41FD9D37A00193A65 /* ArtCellCollectionViewCell.swift */,
			);
			path = Controller;
			sourceTree = "<group>";
		};
		798E30B81FA257140010D962 /* View */ = {
			isa = PBXGroup;
			children = (
				7943DDE31FE1AF6100A7BBA0 /* StarField.sks */,
				798E30A91FA256C30010D962 /* Main.storyboard */,
				79D577271FD72A21005207F6 /* DrawingView.swift */,
			);
			path = View;
			sourceTree = "<group>";
		};
		798E30B91FA257260010D962 /* Resources */ = {
			isa = PBXGroup;
			children = (
				7943DDE11FE1AEA700A7BBA0 /* Utilities.swift */,
				7943DDE01FE1ADF400A7BBA0 /* Sounds */,
				798E30AC1FA256C30010D962 /* Assets.xcassets */,
				798E30B11FA256C30010D962 /* Info.plist */,
			);
			path = Resources;
			sourceTree = "<group>";
		};
		79D1EDA91FCF3B990093F9E3 /* Frameworks */ = {
			isa = PBXGroup;
			children = (
				79D1EDAA1FCF3B990093F9E3 /* WebKit.framework */,
			);
			name = Frameworks;
			sourceTree = "<group>";
		};
/* End PBXGroup section */

/* Begin PBXNativeTarget section */
		798E30A11FA256C30010D962 /* Dustin_CSP */ = {
			isa = PBXNativeTarget;
			buildConfigurationList = 798E30B41FA256C30010D962 /* Build configuration list for PBXNativeTarget "Dustin_CSP" */;
			buildPhases = (
				798E309E1FA256C30010D962 /* Sources */,
				798E309F1FA256C30010D962 /* Frameworks */,
				798E30A01FA256C30010D962 /* Resources */,
			);
			buildRules = (
			);
			dependencies = (
			);
			name = Dustin_CSP;
			productName = Dustin_CSP;
			productReference = 798E30A21FA256C30010D962 /* Dustin_CSP.app */;
			productType = "com.apple.product-type.application";
		};
/* End PBXNativeTarget section */

/* Begin PBXProject section */
		798E309A1FA256C30010D962 /* Project object */ = {
			isa = PBXProject;
			attributes = {
				LastSwiftUpdateCheck = 0900;
				LastUpgradeCheck = 0900;
				ORGANIZATIONNAME = "Schimel, Dustin";
				TargetAttributes = {
					798E30A11FA256C30010D962 = {
						CreatedOnToolsVersion = 9.0;
						ProvisioningStyle = Automatic;
					};
				};
			};
			buildConfigurationList = 798E309D1FA256C30010D962 /* Build configuration list for PBXProject "Dustin_CSP" */;
			compatibilityVersion = "Xcode 8.0";
			developmentRegion = en;
			hasScannedForEncodings = 0;
			knownRegions = (
				en,
				Base,
			);
			mainGroup = 798E30991FA256C30010D962;
			productRefGroup = 798E30A31FA256C30010D962 /* Products */;
			projectDirPath = "";
			projectRoot = "";
			targets = (
				798E30A11FA256C30010D962 /* Dustin_CSP */,
			);
		};
/* End PBXProject section */

/* Begin PBXResourcesBuildPhase section */
		798E30A01FA256C30010D962 /* Resources */ = {
			isa = PBXResourcesBuildPhase;
			buildActionMask = 2147483647;
			files = (
				798E30AD1FA256C30010D962 /* Assets.xcassets in Resources */,
				7943DDDF1FE1ADB200A7BBA0 /* boss sound.mp3 in Resources */,
				7943DDE41FE1AF6100A7BBA0 /* StarField.sks in Resources */,
				7943DDDE1FE1ADB200A7BBA0 /* laser sound.mp3 in Resources */,
				798E30AB1FA256C30010D962 /* Main.storyboard in Resources */,
				7943DDDC1FE1ADB200A7BBA0 /* extra sound.mp3 in Resources */,
				7943DDDB1FE1ADB200A7BBA0 /* invader sound.mp3 in Resources */,
				7943DDDD1FE1ADB200A7BBA0 /* powerup sound.mp3 in Resources */,
			);
			runOnlyForDeploymentPostprocessing = 0;
		};
/* End PBXResourcesBuildPhase section */

/* Begin PBXSourcesBuildPhase section */
		798E309E1FA256C30010D962 /* Sources */ = {
			isa = PBXSourcesBuildPhase;
			buildActionMask = 2147483647;
			files = (
				7943DDEE1FE1B00B00A7BBA0 /* Player.swift in Sources */,
				7943DDF01FE1B00B00A7BBA0 /* Invader.swift in Sources */,
				798E30C51FA25BC80010D962 /* AlgorithmsViewController.swift in Sources */,
				798E30C91FA25C730010D962 /* InternetMasterViewController.swift in Sources */,
				7943DDD21FE1AB0F00A7BBA0 /* LevelCompleteScene.swift in Sources */,
				798E30A81FA256C30010D962 /* ViewController.swift in Sources */,
				798E30C11FA25B5E0010D962 /* AbstractionViewController.swift in Sources */,
				79D1EDA81FCF39EA0093F9E3 /* InternetDetailViewController.swift in Sources */,
				7943DDE21FE1AEA900A7BBA0 /* Utilities.swift in Sources */,
				79D577281FD72A21005207F6 /* DrawingView.swift in Sources */,
				798E30BF1FA25B430010D962 /* CreativityViewController.swift in Sources */,
				7943DDEB1FE1B00B00A7BBA0 /* Projectile.swift in Sources */,
				7943DDEF1FE1B00B00A7BBA0 /* PlayerLaser.swift in Sources */,
				798E30CB1FA25C8A0010D962 /* GlobalImpactViewController.swift in Sources */,
				798CF4DB1FC362EF00815CBD /* Kickable.swift in Sources */,
				798E30C31FA25BB60010D962 /* DataInformationViewController.swift in Sources */,
				7943DDEC1FE1B00B00A7BBA0 /* InvaderLaser.swift in Sources */,
				7943DDD41FE1AB1700A7BBA0 /* GameScene.swift in Sources */,
				798E30A61FA256C30010D962 /* AppDelegate.swift in Sources */,
				798E30C71FA25C4D0010D962 /* ProgrammingViewController.swift in Sources */,
				79D36BD51FD9D37A00193A65 /* ArtCellCollectionViewCell.swift in Sources */,
				7943DDD01FE1AB0800A7BBA0 /* StartScene.swift in Sources */,
				798CF4D91FC360AF00815CBD /* Soccerball.swift in Sources */,
				79FEAEC21FE9A4A900540592 /* DeathScene.swift in Sources */,
			);
			runOnlyForDeploymentPostprocessing = 0;
		};
/* End PBXSourcesBuildPhase section */

/* Begin PBXVariantGroup section */
		798E30A91FA256C30010D962 /* Main.storyboard */ = {
			isa = PBXVariantGroup;
			children = (
				798E30AA1FA256C30010D962 /* Base */,
			);
			name = Main.storyboard;
			sourceTree = "<group>";
		};
/* End PBXVariantGroup section */

/* Begin XCBuildConfiguration section */
		798E30B21FA256C30010D962 /* Debug */ = {
			isa = XCBuildConfiguration;
			buildSettings = {
				ALWAYS_SEARCH_USER_PATHS = NO;
				CLANG_ANALYZER_NONNULL = YES;
				CLANG_ANALYZER_NUMBER_OBJECT_CONVERSION = YES_AGGRESSIVE;
				CLANG_CXX_LANGUAGE_STANDARD = "gnu++14";
				CLANG_CXX_LIBRARY = "libc++";
				CLANG_ENABLE_MODULES = YES;
				CLANG_ENABLE_OBJC_ARC = YES;
				CLANG_WARN_BLOCK_CAPTURE_AUTORELEASING = YES;
				CLANG_WARN_BOOL_CONVERSION = YES;
				CLANG_WARN_COMMA = YES;
				CLANG_WARN_CONSTANT_CONVERSION = YES;
				CLANG_WARN_DIRECT_OBJC_ISA_USAGE = YES_ERROR;
				CLANG_WARN_DOCUMENTATION_COMMENTS = YES;
				CLANG_WARN_EMPTY_BODY = YES;
				CLANG_WARN_ENUM_CONVERSION = YES;
				CLANG_WARN_INFINITE_RECURSION = YES;
				CLANG_WARN_INT_CONVERSION = YES;
				CLANG_WARN_NON_LITERAL_NULL_CONVERSION = YES;
				CLANG_WARN_OBJC_LITERAL_CONVERSION = YES;
				CLANG_WARN_OBJC_ROOT_CLASS = YES_ERROR;
				CLANG_WARN_RANGE_LOOP_ANALYSIS = YES;
				CLANG_WARN_STRICT_PROTOTYPES = YES;
				CLANG_WARN_SUSPICIOUS_MOVE = YES;
				CLANG_WARN_UNGUARDED_AVAILABILITY = YES_AGGRESSIVE;
				CLANG_WARN_UNREACHABLE_CODE = YES;
				CLANG_WARN__DUPLICATE_METHOD_MATCH = YES;
				CODE_SIGN_IDENTITY = "iPhone Developer";
				COPY_PHASE_STRIP = NO;
				DEBUG_INFORMATION_FORMAT = dwarf;
				ENABLE_STRICT_OBJC_MSGSEND = YES;
				ENABLE_TESTABILITY = YES;
				GCC_C_LANGUAGE_STANDARD = gnu11;
				GCC_DYNAMIC_NO_PIC = NO;
				GCC_NO_COMMON_BLOCKS = YES;
				GCC_OPTIMIZATION_LEVEL = 0;
				GCC_PREPROCESSOR_DEFINITIONS = (
					"DEBUG=1",
					"$(inherited)",
				);
				GCC_WARN_64_TO_32_BIT_CONVERSION = YES;
				GCC_WARN_ABOUT_RETURN_TYPE = YES_ERROR;
				GCC_WARN_UNDECLARED_SELECTOR = YES;
				GCC_WARN_UNINITIALIZED_AUTOS = YES_AGGRESSIVE;
				GCC_WARN_UNUSED_FUNCTION = YES;
				GCC_WARN_UNUSED_VARIABLE = YES;
				IPHONEOS_DEPLOYMENT_TARGET = 11.0;
				MTL_ENABLE_DEBUG_INFO = YES;
				ONLY_ACTIVE_ARCH = YES;
				SDKROOT = iphoneos;
				SWIFT_ACTIVE_COMPILATION_CONDITIONS = DEBUG;
				SWIFT_OPTIMIZATION_LEVEL = "-Onone";
			};
			name = Debug;
		};
		798E30B31FA256C30010D962 /* Release */ = {
			isa = XCBuildConfiguration;
			buildSettings = {
				ALWAYS_SEARCH_USER_PATHS = NO;
				CLANG_ANALYZER_NONNULL = YES;
				CLANG_ANALYZER_NUMBER_OBJECT_CONVERSION = YES_AGGRESSIVE;
				CLANG_CXX_LANGUAGE_STANDARD = "gnu++14";
				CLANG_CXX_LIBRARY = "libc++";
				CLANG_ENABLE_MODULES = YES;
				CLANG_ENABLE_OBJC_ARC = YES;
				CLANG_WARN_BLOCK_CAPTURE_AUTORELEASING = YES;
				CLANG_WARN_BOOL_CONVERSION = YES;
				CLANG_WARN_COMMA = YES;
				CLANG_WARN_CONSTANT_CONVERSION = YES;
				CLANG_WARN_DIRECT_OBJC_ISA_USAGE = YES_ERROR;
				CLANG_WARN_DOCUMENTATION_COMMENTS = YES;
				CLANG_WARN_EMPTY_BODY = YES;
				CLANG_WARN_ENUM_CONVERSION = YES;
				CLANG_WARN_INFINITE_RECURSION = YES;
				CLANG_WARN_INT_CONVERSION = YES;
				CLANG_WARN_NON_LITERAL_NULL_CONVERSION = YES;
				CLANG_WARN_OBJC_LITERAL_CONVERSION = YES;
				CLANG_WARN_OBJC_ROOT_CLASS = YES_ERROR;
				CLANG_WARN_RANGE_LOOP_ANALYSIS = YES;
				CLANG_WARN_STRICT_PROTOTYPES = YES;
				CLANG_WARN_SUSPICIOUS_MOVE = YES;
				CLANG_WARN_UNGUARDED_AVAILABILITY = YES_AGGRESSIVE;
				CLANG_WARN_UNREACHABLE_CODE = YES;
				CLANG_WARN__DUPLICATE_METHOD_MATCH = YES;
				CODE_SIGN_IDENTITY = "iPhone Developer";
				COPY_PHASE_STRIP = NO;
				DEBUG_INFORMATION_FORMAT = "dwarf-with-dsym";
				ENABLE_NS_ASSERTIONS = NO;
				ENABLE_STRICT_OBJC_MSGSEND = YES;
				GCC_C_LANGUAGE_STANDARD = gnu11;
				GCC_NO_COMMON_BLOCKS = YES;
				GCC_WARN_64_TO_32_BIT_CONVERSION = YES;
				GCC_WARN_ABOUT_RETURN_TYPE = YES_ERROR;
				GCC_WARN_UNDECLARED_SELECTOR = YES;
				GCC_WARN_UNINITIALIZED_AUTOS = YES_AGGRESSIVE;
				GCC_WARN_UNUSED_FUNCTION = YES;
				GCC_WARN_UNUSED_VARIABLE = YES;
				IPHONEOS_DEPLOYMENT_TARGET = 11.0;
				MTL_ENABLE_DEBUG_INFO = NO;
				SDKROOT = iphoneos;
				SWIFT_OPTIMIZATION_LEVEL = "-Owholemodule";
				VALIDATE_PRODUCT = YES;
			};
			name = Release;
		};
		798E30B51FA256C30010D962 /* Debug */ = {
			isa = XCBuildConfiguration;
			buildSettings = {
				ASSETCATALOG_COMPILER_APPICON_NAME = AppIcon;
				CODE_SIGN_STYLE = Automatic;
				DEVELOPMENT_TEAM = X77K8LBKTS;
				INFOPLIST_FILE = "$(SRCROOT)/Dustin_CSP/Resources/Info.plist";
				LD_RUNPATH_SEARCH_PATHS = "$(inherited) @executable_path/Frameworks";
				PRODUCT_BUNDLE_IDENTIFIER = "CTEC.Dustin-CSP";
				PRODUCT_NAME = "$(TARGET_NAME)";
				SWIFT_VERSION = 4.0;
				TARGETED_DEVICE_FAMILY = "1,2";
			};
			name = Debug;
		};
		798E30B61FA256C30010D962 /* Release */ = {
			isa = XCBuildConfiguration;
			buildSettings = {
				ASSETCATALOG_COMPILER_APPICON_NAME = AppIcon;
				CODE_SIGN_STYLE = Automatic;
				DEVELOPMENT_TEAM = X77K8LBKTS;
				INFOPLIST_FILE = "$(SRCROOT)/Dustin_CSP/Resources/Info.plist";
				LD_RUNPATH_SEARCH_PATHS = "$(inherited) @executable_path/Frameworks";
				PRODUCT_BUNDLE_IDENTIFIER = "CTEC.Dustin-CSP";
				PRODUCT_NAME = "$(TARGET_NAME)";
				SWIFT_VERSION = 4.0;
				TARGETED_DEVICE_FAMILY = "1,2";
			};
			name = Release;
		};
/* End XCBuildConfiguration section */

/* Begin XCConfigurationList section */
		798E309D1FA256C30010D962 /* Build configuration list for PBXProject "Dustin_CSP" */ = {
			isa = XCConfigurationList;
			buildConfigurations = (
				798E30B21FA256C30010D962 /* Debug */,
				798E30B31FA256C30010D962 /* Release */,
			);
			defaultConfigurationIsVisible = 0;
			defaultConfigurationName = Release;
		};
		798E30B41FA256C30010D962 /* Build configuration list for PBXNativeTarget "Dustin_CSP" */ = {
			isa = XCConfigurationList;
			buildConfigurations = (
				798E30B51FA256C30010D962 /* Debug */,
				798E30B61FA256C30010D962 /* Release */,
			);
			defaultConfigurationIsVisible = 0;
			defaultConfigurationName = Release;
		};
/* End XCConfigurationList section */
	};
	rootObject = 798E309A1FA256C30010D962 /* Project object */;
}
